
Microsoft Visual Studio Solution File, Format Version 12.00
# Visual Studio Version 17
VisualStudioVersion = 17.11.35327.3
MinimumVisualStudioVersion = 10.0.40219.1
Project("{FAE04EC0-301F-11D3-BF4B-00C04F79EFBC}") = "EjercicioClase", "EjercicioClase\EjercicioClase.csproj", "{90A3ACF9-5E8B-4D92-9356-69EBE88886FA}"
EndProject
Global
	GlobalSection(SolutionConfigurationPlatforms) = preSolution
		Debug|Any CPU = Debug|Any CPU
		Release|Any CPU = Release|Any CPU
	EndGlobalSection
	GlobalSection(ProjectConfigurationPlatforms) = postSolution
		{90A3ACF9-5E8B-4D92-9356-69EBE88886FA}.Debug|Any CPU.ActiveCfg = Debug|Any CPU
		{90A3ACF9-5E8B-4D92-9356-69EBE88886FA}.Debug|Any CPU.Build.0 = Debug|Any CPU
		{90A3ACF9-5E8B-4D92-9356-69EBE88886FA}.Release|Any CPU.ActiveCfg = Release|Any CPU
		{90A3ACF9-5E8B-4D92-9356-69EBE88886FA}.Release|Any CPU.Build.0 = Release|Any CPU
	EndGlobalSection
	GlobalSection(SolutionProperties) = preSolution
		HideSolutionNode = FALSE
	EndGlobalSection
	GlobalSection(ExtensibilityGlobals) = postSolution
		SolutionGuid = {6A5AA3B4-D8BD-4D78-BC3E-009508174C07}
	EndGlobalSection
EndGlobal
